
Microsoft Visual Studio Solution File, Format Version 12.00
# Visual Studio Version 17
VisualStudioVersion = 17.4.33205.214
MinimumVisualStudioVersion = 10.0.40219.1
Project("{2150E333-8FDC-42A3-9474-1A3956D46DE8}") = "src", "src", "{8FE1CBDC-74F1-4EFC-8BDF-6A632721C339}"
EndProject
Project("{2150E333-8FDC-42A3-9474-1A3956D46DE8}") = "Core", "Core", "{CCC4A05F-6C2C-46AB-8CE0-920981D8A1E5}"
EndProject
Project("{2150E333-8FDC-42A3-9474-1A3956D46DE8}") = "Infraestructure", "Infraestructure", "{284E5083-8296-458D-8A24-24E5E0CA7A3B}"
EndProject
Project("{2150E333-8FDC-42A3-9474-1A3956D46DE8}") = "Presentation", "Presentation", "{0FBC1D24-EB91-46F6-B49A-23F674FA8DD7}"
EndProject
Project("{FAE04EC0-301F-11D3-BF4B-00C04F79EFBC}") = "LaNacion.Contact.API", "src\Presentation\LaNacion.Contact.API\LaNacion.Contact.API.csproj", "{D337CCE3-6389-4C3A-B54C-2635406E0AA3}"
EndProject
Project("{FAE04EC0-301F-11D3-BF4B-00C04F79EFBC}") = "LaNacion.Persistence", "src\Infraestructure\LaNacion.Persistence\LaNacion.Persistence.csproj", "{A7926876-456C-4C2C-AD3F-6A6D5A4098A3}"
EndProject
Project("{FAE04EC0-301F-11D3-BF4B-00C04F79EFBC}") = "LaNacion.Domain", "src\Core\LaNacion.Domain\LaNacion.Domain.csproj", "{521A84CC-1B25-4C72-99CF-09928F0C5ADB}"
EndProject
Project("{FAE04EC0-301F-11D3-BF4B-00C04F79EFBC}") = "LaNacion.Application", "src\Core\LaNacion.Application\LaNacion.Application.csproj", "{697215A1-38B5-4A6E-AEC7-1AEB7585C2EE}"
EndProject
Global
	GlobalSection(SolutionConfigurationPlatforms) = preSolution
		Debug|Any CPU = Debug|Any CPU
		Release|Any CPU = Release|Any CPU
	EndGlobalSection
	GlobalSection(ProjectConfigurationPlatforms) = postSolution
		{D337CCE3-6389-4C3A-B54C-2635406E0AA3}.Debug|Any CPU.ActiveCfg = Debug|Any CPU
		{D337CCE3-6389-4C3A-B54C-2635406E0AA3}.Debug|Any CPU.Build.0 = Debug|Any CPU
		{D337CCE3-6389-4C3A-B54C-2635406E0AA3}.Release|Any CPU.ActiveCfg = Release|Any CPU
		{D337CCE3-6389-4C3A-B54C-2635406E0AA3}.Release|Any CPU.Build.0 = Release|Any CPU
		{A7926876-456C-4C2C-AD3F-6A6D5A4098A3}.Debug|Any CPU.ActiveCfg = Debug|Any CPU
		{A7926876-456C-4C2C-AD3F-6A6D5A4098A3}.Debug|Any CPU.Build.0 = Debug|Any CPU
		{A7926876-456C-4C2C-AD3F-6A6D5A4098A3}.Release|Any CPU.ActiveCfg = Release|Any CPU
		{A7926876-456C-4C2C-AD3F-6A6D5A4098A3}.Release|Any CPU.Build.0 = Release|Any CPU
		{521A84CC-1B25-4C72-99CF-09928F0C5ADB}.Debug|Any CPU.ActiveCfg = Debug|Any CPU
		{521A84CC-1B25-4C72-99CF-09928F0C5ADB}.Debug|Any CPU.Build.0 = Debug|Any CPU
		{521A84CC-1B25-4C72-99CF-09928F0C5ADB}.Release|Any CPU.ActiveCfg = Release|Any CPU
		{521A84CC-1B25-4C72-99CF-09928F0C5ADB}.Release|Any CPU.Build.0 = Release|Any CPU
		{697215A1-38B5-4A6E-AEC7-1AEB7585C2EE}.Debug|Any CPU.ActiveCfg = Debug|Any CPU
		{697215A1-38B5-4A6E-AEC7-1AEB7585C2EE}.Debug|Any CPU.Build.0 = Debug|Any CPU
		{697215A1-38B5-4A6E-AEC7-1AEB7585C2EE}.Release|Any CPU.ActiveCfg = Release|Any CPU
		{697215A1-38B5-4A6E-AEC7-1AEB7585C2EE}.Release|Any CPU.Build.0 = Release|Any CPU
	EndGlobalSection
	GlobalSection(SolutionProperties) = preSolution
		HideSolutionNode = FALSE
	EndGlobalSection
	GlobalSection(NestedProjects) = preSolution
		{CCC4A05F-6C2C-46AB-8CE0-920981D8A1E5} = {8FE1CBDC-74F1-4EFC-8BDF-6A632721C339}
		{284E5083-8296-458D-8A24-24E5E0CA7A3B} = {8FE1CBDC-74F1-4EFC-8BDF-6A632721C339}
		{0FBC1D24-EB91-46F6-B49A-23F674FA8DD7} = {8FE1CBDC-74F1-4EFC-8BDF-6A632721C339}
		{D337CCE3-6389-4C3A-B54C-2635406E0AA3} = {0FBC1D24-EB91-46F6-B49A-23F674FA8DD7}
		{A7926876-456C-4C2C-AD3F-6A6D5A4098A3} = {284E5083-8296-458D-8A24-24E5E0CA7A3B}
		{521A84CC-1B25-4C72-99CF-09928F0C5ADB} = {CCC4A05F-6C2C-46AB-8CE0-920981D8A1E5}
		{697215A1-38B5-4A6E-AEC7-1AEB7585C2EE} = {CCC4A05F-6C2C-46AB-8CE0-920981D8A1E5}
	EndGlobalSection
	GlobalSection(ExtensibilityGlobals) = postSolution
		SolutionGuid = {3BA8651F-907B-4D17-B6A6-3C2F0ED0243B}
	EndGlobalSection
EndGlobal
